// !$*UTF8*$!
{
	archiveVersion = 1;
	classes = {
	};
	objectVersion = 56;
	objects = {

/* Begin PBXBuildFile section */
		5B0E0ED829AE5FB40066E0E5 /* VectorBoolean.docc in Sources */ = {isa = PBXBuildFile; fileRef = 5B0E0ED729AE5FB40066E0E5 /* VectorBoolean.docc */; };
		5B0E0EDE29AE5FB40066E0E5 /* VectorBoolean.framework in Frameworks */ = {isa = PBXBuildFile; fileRef = 5B0E0ED329AE5FB40066E0E5 /* VectorBoolean.framework */; };
		5B0E0EE329AE5FB40066E0E5 /* VectorBooleanTests.m in Sources */ = {isa = PBXBuildFile; fileRef = 5B0E0EE229AE5FB40066E0E5 /* VectorBooleanTests.m */; };
		5B0E0EE429AE5FB40066E0E5 /* VectorBoolean.h in Headers */ = {isa = PBXBuildFile; fileRef = 5B0E0ED629AE5FB40066E0E5 /* VectorBoolean.h */; settings = {ATTRIBUTES = (Public, ); }; };
		5B0E0F0229AE5FCE0066E0E5 /* FBBezierGraph.swift in Sources */ = {isa = PBXBuildFile; fileRef = 5B0E0EEE29AE5FCD0066E0E5 /* FBBezierGraph.swift */; };
		5B0E0F0329AE5FCE0066E0E5 /* Legendre.swift in Sources */ = {isa = PBXBuildFile; fileRef = 5B0E0EEF29AE5FCD0066E0E5 /* Legendre.swift */; };
		5B0E0F0429AE5FCE0066E0E5 /* FBGeometry.swift in Sources */ = {isa = PBXBuildFile; fileRef = 5B0E0EF029AE5FCD0066E0E5 /* FBGeometry.swift */; };
		5B0E0F0529AE5FCE0066E0E5 /* FBBezierContour.swift in Sources */ = {isa = PBXBuildFile; fileRef = 5B0E0EF129AE5FCD0066E0E5 /* FBBezierContour.swift */; };
		5B0E0F0629AE5FCE0066E0E5 /* UIBezierPath_Boolean.swift in Sources */ = {isa = PBXBuildFile; fileRef = 5B0E0EF329AE5FCD0066E0E5 /* UIBezierPath_Boolean.swift */; };
		5B0E0F0729AE5FCE0066E0E5 /* UIBezierPath_Utilities.swift in Sources */ = {isa = PBXBuildFile; fileRef = 5B0E0EF429AE5FCD0066E0E5 /* UIBezierPath_Utilities.swift */; };
		5B0E0F0829AE5FCE0066E0E5 /* FBContourOverlap.swift in Sources */ = {isa = PBXBuildFile; fileRef = 5B0E0EF529AE5FCD0066E0E5 /* FBContourOverlap.swift */; };
		5B0E0F0929AE5FCE0066E0E5 /* CGPath.swift in Sources */ = {isa = PBXBuildFile; fileRef = 5B0E0EF729AE5FCD0066E0E5 /* CGPath.swift */; };
		5B0E0F0A29AE5FCE0066E0E5 /* LRTBezierPathWrapper.swift in Sources */ = {isa = PBXBuildFile; fileRef = 5B0E0EF829AE5FCD0066E0E5 /* LRTBezierPathWrapper.swift */; };
		5B0E0F0B29AE5FCE0066E0E5 /* FBEdgeOverlapRun.swift in Sources */ = {isa = PBXBuildFile; fileRef = 5B0E0EF929AE5FCD0066E0E5 /* FBEdgeOverlapRun.swift */; };
		5B0E0F0C29AE5FCE0066E0E5 /* FBCurveLocation.swift in Sources */ = {isa = PBXBuildFile; fileRef = 5B0E0EFA29AE5FCD0066E0E5 /* FBCurveLocation.swift */; };
		5B0E0F0D29AE5FCE0066E0E5 /* FBBezierIntersectRange.swift in Sources */ = {isa = PBXBuildFile; fileRef = 5B0E0EFB29AE5FCD0066E0E5 /* FBBezierIntersectRange.swift */; };
		5B0E0F0E29AE5FCE0066E0E5 /* FBBezierCurve.swift in Sources */ = {isa = PBXBuildFile; fileRef = 5B0E0EFC29AE5FCD0066E0E5 /* FBBezierCurve.swift */; };
		5B0E0F0F29AE5FCE0066E0E5 /* FBBezierIntersection.swift in Sources */ = {isa = PBXBuildFile; fileRef = 5B0E0EFD29AE5FCD0066E0E5 /* FBBezierIntersection.swift */; };
		5B0E0F1029AE5FCE0066E0E5 /* Int_Extn.swift in Sources */ = {isa = PBXBuildFile; fileRef = 5B0E0EFE29AE5FCD0066E0E5 /* Int_Extn.swift */; };
		5B0E0F1129AE5FCE0066E0E5 /* FBEdgeCrossing.swift in Sources */ = {isa = PBXBuildFile; fileRef = 5B0E0EFF29AE5FCD0066E0E5 /* FBEdgeCrossing.swift */; };
		5B0E0F1229AE5FCE0066E0E5 /* FBBezierCurve_Edge.swift in Sources */ = {isa = PBXBuildFile; fileRef = 5B0E0F0029AE5FCD0066E0E5 /* FBBezierCurve_Edge.swift */; };
		5B0E0F1329AE5FCE0066E0E5 /* FBEdgeOverlap.swift in Sources */ = {isa = PBXBuildFile; fileRef = 5B0E0F0129AE5FCD0066E0E5 /* FBEdgeOverlap.swift */; };
/* End PBXBuildFile section */

/* Begin PBXContainerItemProxy section */
		5B0E0EDF29AE5FB40066E0E5 /* PBXContainerItemProxy */ = {
			isa = PBXContainerItemProxy;
			containerPortal = 5B0E0ECA29AE5FB40066E0E5 /* Project object */;
			proxyType = 1;
			remoteGlobalIDString = 5B0E0ED229AE5FB40066E0E5;
			remoteInfo = VectorBoolean;
		};
/* End PBXContainerItemProxy section */

/* Begin PBXFileReference section */
		5B0E0ED329AE5FB40066E0E5 /* VectorBoolean.framework */ = {isa = PBXFileReference; explicitFileType = wrapper.framework; includeInIndex = 0; path = VectorBoolean.framework; sourceTree = BUILT_PRODUCTS_DIR; };
		5B0E0ED629AE5FB40066E0E5 /* VectorBoolean.h */ = {isa = PBXFileReference; lastKnownFileType = sourcecode.c.h; path = VectorBoolean.h; sourceTree = "<group>"; };
		5B0E0ED729AE5FB40066E0E5 /* VectorBoolean.docc */ = {isa = PBXFileReference; lastKnownFileType = folder.documentationcatalog; path = VectorBoolean.docc; sourceTree = "<group>"; };
		5B0E0EDD29AE5FB40066E0E5 /* VectorBooleanTests.xctest */ = {isa = PBXFileReference; explicitFileType = wrapper.cfbundle; includeInIndex = 0; path = VectorBooleanTests.xctest; sourceTree = BUILT_PRODUCTS_DIR; };
		5B0E0EE229AE5FB40066E0E5 /* VectorBooleanTests.m */ = {isa = PBXFileReference; lastKnownFileType = sourcecode.c.objc; path = VectorBooleanTests.m; sourceTree = "<group>"; };
		5B0E0EEE29AE5FCD0066E0E5 /* FBBezierGraph.swift */ = {isa = PBXFileReference; fileEncoding = 4; lastKnownFileType = sourcecode.swift; path = FBBezierGraph.swift; sourceTree = "<group>"; };
		5B0E0EEF29AE5FCD0066E0E5 /* Legendre.swift */ = {isa = PBXFileReference; fileEncoding = 4; lastKnownFileType = sourcecode.swift; path = Legendre.swift; sourceTree = "<group>"; };
		5B0E0EF029AE5FCD0066E0E5 /* FBGeometry.swift */ = {isa = PBXFileReference; fileEncoding = 4; lastKnownFileType = sourcecode.swift; path = FBGeometry.swift; sourceTree = "<group>"; };
		5B0E0EF129AE5FCD0066E0E5 /* FBBezierContour.swift */ = {isa = PBXFileReference; fileEncoding = 4; lastKnownFileType = sourcecode.swift; path = FBBezierContour.swift; sourceTree = "<group>"; };
		5B0E0EF329AE5FCD0066E0E5 /* UIBezierPath_Boolean.swift */ = {isa = PBXFileReference; fileEncoding = 4; lastKnownFileType = sourcecode.swift; path = UIBezierPath_Boolean.swift; sourceTree = "<group>"; };
		5B0E0EF429AE5FCD0066E0E5 /* UIBezierPath_Utilities.swift */ = {isa = PBXFileReference; fileEncoding = 4; lastKnownFileType = sourcecode.swift; path = UIBezierPath_Utilities.swift; sourceTree = "<group>"; };
		5B0E0EF529AE5FCD0066E0E5 /* FBContourOverlap.swift */ = {isa = PBXFileReference; fileEncoding = 4; lastKnownFileType = sourcecode.swift; path = FBContourOverlap.swift; sourceTree = "<group>"; };
		5B0E0EF729AE5FCD0066E0E5 /* CGPath.swift */ = {isa = PBXFileReference; fileEncoding = 4; lastKnownFileType = sourcecode.swift; path = CGPath.swift; sourceTree = "<group>"; };
		5B0E0EF829AE5FCD0066E0E5 /* LRTBezierPathWrapper.swift */ = {isa = PBXFileReference; fileEncoding = 4; lastKnownFileType = sourcecode.swift; path = LRTBezierPathWrapper.swift; sourceTree = "<group>"; };
		5B0E0EF929AE5FCD0066E0E5 /* FBEdgeOverlapRun.swift */ = {isa = PBXFileReference; fileEncoding = 4; lastKnownFileType = sourcecode.swift; path = FBEdgeOverlapRun.swift; sourceTree = "<group>"; };
		5B0E0EFA29AE5FCD0066E0E5 /* FBCurveLocation.swift */ = {isa = PBXFileReference; fileEncoding = 4; lastKnownFileType = sourcecode.swift; path = FBCurveLocation.swift; sourceTree = "<group>"; };
		5B0E0EFB29AE5FCD0066E0E5 /* FBBezierIntersectRange.swift */ = {isa = PBXFileReference; fileEncoding = 4; lastKnownFileType = sourcecode.swift; path = FBBezierIntersectRange.swift; sourceTree = "<group>"; };
		5B0E0EFC29AE5FCD0066E0E5 /* FBBezierCurve.swift */ = {isa = PBXFileReference; fileEncoding = 4; lastKnownFileType = sourcecode.swift; path = FBBezierCurve.swift; sourceTree = "<group>"; };
		5B0E0EFD29AE5FCD0066E0E5 /* FBBezierIntersection.swift */ = {isa = PBXFileReference; fileEncoding = 4; lastKnownFileType = sourcecode.swift; path = FBBezierIntersection.swift; sourceTree = "<group>"; };
		5B0E0EFE29AE5FCD0066E0E5 /* Int_Extn.swift */ = {isa = PBXFileReference; fileEncoding = 4; lastKnownFileType = sourcecode.swift; path = Int_Extn.swift; sourceTree = "<group>"; };
		5B0E0EFF29AE5FCD0066E0E5 /* FBEdgeCrossing.swift */ = {isa = PBXFileReference; fileEncoding = 4; lastKnownFileType = sourcecode.swift; path = FBEdgeCrossing.swift; sourceTree = "<group>"; };
		5B0E0F0029AE5FCD0066E0E5 /* FBBezierCurve_Edge.swift */ = {isa = PBXFileReference; fileEncoding = 4; lastKnownFileType = sourcecode.swift; path = FBBezierCurve_Edge.swift; sourceTree = "<group>"; };
		5B0E0F0129AE5FCD0066E0E5 /* FBEdgeOverlap.swift */ = {isa = PBXFileReference; fileEncoding = 4; lastKnownFileType = sourcecode.swift; path = FBEdgeOverlap.swift; sourceTree = "<group>"; };
/* End PBXFileReference section */

/* Begin PBXFrameworksBuildPhase section */
		5B0E0ED029AE5FB40066E0E5 /* Frameworks */ = {
			isa = PBXFrameworksBuildPhase;
			buildActionMask = 2147483647;
			files = (
			);
			runOnlyForDeploymentPostprocessing = 0;
		};
		5B0E0EDA29AE5FB40066E0E5 /* Frameworks */ = {
			isa = PBXFrameworksBuildPhase;
			buildActionMask = 2147483647;
			files = (
				5B0E0EDE29AE5FB40066E0E5 /* VectorBoolean.framework in Frameworks */,
			);
			runOnlyForDeploymentPostprocessing = 0;
		};
/* End PBXFrameworksBuildPhase section */

/* Begin PBXGroup section */
		5B0E0EC929AE5FB40066E0E5 = {
			isa = PBXGroup;
			children = (
				5B0E0ED529AE5FB40066E0E5 /* VectorBoolean */,
				5B0E0EE129AE5FB40066E0E5 /* VectorBooleanTests */,
				5B0E0ED429AE5FB40066E0E5 /* Products */,
			);
			sourceTree = "<group>";
		};
		5B0E0ED429AE5FB40066E0E5 /* Products */ = {
			isa = PBXGroup;
			children = (
				5B0E0ED329AE5FB40066E0E5 /* VectorBoolean.framework */,
				5B0E0EDD29AE5FB40066E0E5 /* VectorBooleanTests.xctest */,
			);
			name = Products;
			sourceTree = "<group>";
		};
		5B0E0ED529AE5FB40066E0E5 /* VectorBoolean */ = {
			isa = PBXGroup;
			children = (
				5B0E0ED629AE5FB40066E0E5 /* VectorBoolean.h */,
				5B0E0ED729AE5FB40066E0E5 /* VectorBoolean.docc */,
				5B0E0EED29AE5FCD0066E0E5 /* VectorBoolean */,
			);
			path = VectorBoolean;
			sourceTree = "<group>";
		};
		5B0E0EE129AE5FB40066E0E5 /* VectorBooleanTests */ = {
			isa = PBXGroup;
			children = (
				5B0E0EE229AE5FB40066E0E5 /* VectorBooleanTests.m */,
			);
			path = VectorBooleanTests;
			sourceTree = "<group>";
		};
		5B0E0EED29AE5FCD0066E0E5 /* VectorBoolean */ = {
			isa = PBXGroup;
			children = (
				5B0E0EEE29AE5FCD0066E0E5 /* FBBezierGraph.swift */,
				5B0E0EEF29AE5FCD0066E0E5 /* Legendre.swift */,
				5B0E0EF029AE5FCD0066E0E5 /* FBGeometry.swift */,
				5B0E0EF129AE5FCD0066E0E5 /* FBBezierContour.swift */,
				5B0E0EF229AE5FCD0066E0E5 /* BezierExtensions */,
				5B0E0EF529AE5FCD0066E0E5 /* FBContourOverlap.swift */,
				5B0E0EF629AE5FCD0066E0E5 /* CGPathBridge */,
				5B0E0EF929AE5FCD0066E0E5 /* FBEdgeOverlapRun.swift */,
				5B0E0EFA29AE5FCD0066E0E5 /* FBCurveLocation.swift */,
				5B0E0EFB29AE5FCD0066E0E5 /* FBBezierIntersectRange.swift */,
				5B0E0EFC29AE5FCD0066E0E5 /* FBBezierCurve.swift */,
				5B0E0EFD29AE5FCD0066E0E5 /* FBBezierIntersection.swift */,
				5B0E0EFE29AE5FCD0066E0E5 /* Int_Extn.swift */,
				5B0E0EFF29AE5FCD0066E0E5 /* FBEdgeCrossing.swift */,
				5B0E0F0029AE5FCD0066E0E5 /* FBBezierCurve_Edge.swift */,
				5B0E0F0129AE5FCD0066E0E5 /* FBEdgeOverlap.swift */,
			);
			name = VectorBoolean;
			path = ../../Sources/VectorBoolean;
			sourceTree = "<group>";
		};
		5B0E0EF229AE5FCD0066E0E5 /* BezierExtensions */ = {
			isa = PBXGroup;
			children = (
				5B0E0EF329AE5FCD0066E0E5 /* UIBezierPath_Boolean.swift */,
				5B0E0EF429AE5FCD0066E0E5 /* UIBezierPath_Utilities.swift */,
			);
			path = BezierExtensions;
			sourceTree = "<group>";
		};
		5B0E0EF629AE5FCD0066E0E5 /* CGPathBridge */ = {
			isa = PBXGroup;
			children = (
				5B0E0EF729AE5FCD0066E0E5 /* CGPath.swift */,
				5B0E0EF829AE5FCD0066E0E5 /* LRTBezierPathWrapper.swift */,
			);
			path = CGPathBridge;
			sourceTree = "<group>";
		};
/* End PBXGroup section */

/* Begin PBXHeadersBuildPhase section */
		5B0E0ECE29AE5FB40066E0E5 /* Headers */ = {
			isa = PBXHeadersBuildPhase;
			buildActionMask = 2147483647;
			files = (
				5B0E0EE429AE5FB40066E0E5 /* VectorBoolean.h in Headers */,
			);
			runOnlyForDeploymentPostprocessing = 0;
		};
/* End PBXHeadersBuildPhase section */

/* Begin PBXNativeTarget section */
		5B0E0ED229AE5FB40066E0E5 /* VectorBoolean */ = {
			isa = PBXNativeTarget;
			buildConfigurationList = 5B0E0EE729AE5FB40066E0E5 /* Build configuration list for PBXNativeTarget "VectorBoolean" */;
			buildPhases = (
				5B0E0ECE29AE5FB40066E0E5 /* Headers */,
				5B0E0ECF29AE5FB40066E0E5 /* Sources */,
				5B0E0ED029AE5FB40066E0E5 /* Frameworks */,
				5B0E0ED129AE5FB40066E0E5 /* Resources */,
			);
			buildRules = (
			);
			dependencies = (
			);
			name = VectorBoolean;
			productName = VectorBoolean;
			productReference = 5B0E0ED329AE5FB40066E0E5 /* VectorBoolean.framework */;
			productType = "com.apple.product-type.framework";
		};
		5B0E0EDC29AE5FB40066E0E5 /* VectorBooleanTests */ = {
			isa = PBXNativeTarget;
			buildConfigurationList = 5B0E0EEA29AE5FB40066E0E5 /* Build configuration list for PBXNativeTarget "VectorBooleanTests" */;
			buildPhases = (
				5B0E0ED929AE5FB40066E0E5 /* Sources */,
				5B0E0EDA29AE5FB40066E0E5 /* Frameworks */,
				5B0E0EDB29AE5FB40066E0E5 /* Resources */,
			);
			buildRules = (
			);
			dependencies = (
				5B0E0EE029AE5FB40066E0E5 /* PBXTargetDependency */,
			);
			name = VectorBooleanTests;
			productName = VectorBooleanTests;
			productReference = 5B0E0EDD29AE5FB40066E0E5 /* VectorBooleanTests.xctest */;
			productType = "com.apple.product-type.bundle.unit-test";
		};
/* End PBXNativeTarget section */

/* Begin PBXProject section */
		5B0E0ECA29AE5FB40066E0E5 /* Project object */ = {
			isa = PBXProject;
			attributes = {
				BuildIndependentTargetsInParallel = 1;
				LastUpgradeCheck = 1420;
				TargetAttributes = {
					5B0E0ED229AE5FB40066E0E5 = {
						CreatedOnToolsVersion = 14.2;
					};
					5B0E0EDC29AE5FB40066E0E5 = {
						CreatedOnToolsVersion = 14.2;
					};
				};
			};
			buildConfigurationList = 5B0E0ECD29AE5FB40066E0E5 /* Build configuration list for PBXProject "VectorBoolean" */;
			compatibilityVersion = "Xcode 14.0";
			developmentRegion = en;
			hasScannedForEncodings = 0;
			knownRegions = (
				en,
				Base,
			);
			mainGroup = 5B0E0EC929AE5FB40066E0E5;
			productRefGroup = 5B0E0ED429AE5FB40066E0E5 /* Products */;
			projectDirPath = "";
			projectRoot = "";
			targets = (
				5B0E0ED229AE5FB40066E0E5 /* VectorBoolean */,
				5B0E0EDC29AE5FB40066E0E5 /* VectorBooleanTests */,
			);
		};
/* End PBXProject section */

/* Begin PBXResourcesBuildPhase section */
		5B0E0ED129AE5FB40066E0E5 /* Resources */ = {
			isa = PBXResourcesBuildPhase;
			buildActionMask = 2147483647;
			files = (
			);
			runOnlyForDeploymentPostprocessing = 0;
		};
		5B0E0EDB29AE5FB40066E0E5 /* Resources */ = {
			isa = PBXResourcesBuildPhase;
			buildActionMask = 2147483647;
			files = (
			);
			runOnlyForDeploymentPostprocessing = 0;
		};
/* End PBXResourcesBuildPhase section */

/* Begin PBXSourcesBuildPhase section */
		5B0E0ECF29AE5FB40066E0E5 /* Sources */ = {
			isa = PBXSourcesBuildPhase;
			buildActionMask = 2147483647;
			files = (
				5B0E0F0E29AE5FCE0066E0E5 /* FBBezierCurve.swift in Sources */,
				5B0E0F0D29AE5FCE0066E0E5 /* FBBezierIntersectRange.swift in Sources */,
				5B0E0F1029AE5FCE0066E0E5 /* Int_Extn.swift in Sources */,
				5B0E0F1229AE5FCE0066E0E5 /* FBBezierCurve_Edge.swift in Sources */,
				5B0E0ED829AE5FB40066E0E5 /* VectorBoolean.docc in Sources */,
				5B0E0F1329AE5FCE0066E0E5 /* FBEdgeOverlap.swift in Sources */,
				5B0E0F0729AE5FCE0066E0E5 /* UIBezierPath_Utilities.swift in Sources */,
				5B0E0F0C29AE5FCE0066E0E5 /* FBCurveLocation.swift in Sources */,
				5B0E0F1129AE5FCE0066E0E5 /* FBEdgeCrossing.swift in Sources */,
				5B0E0F0A29AE5FCE0066E0E5 /* LRTBezierPathWrapper.swift in Sources */,
				5B0E0F0929AE5FCE0066E0E5 /* CGPath.swift in Sources */,
				5B0E0F0329AE5FCE0066E0E5 /* Legendre.swift in Sources */,
				5B0E0F0229AE5FCE0066E0E5 /* FBBezierGraph.swift in Sources */,
				5B0E0F0829AE5FCE0066E0E5 /* FBContourOverlap.swift in Sources */,
				5B0E0F0B29AE5FCE0066E0E5 /* FBEdgeOverlapRun.swift in Sources */,
				5B0E0F0429AE5FCE0066E0E5 /* FBGeometry.swift in Sources */,
				5B0E0F0629AE5FCE0066E0E5 /* UIBezierPath_Boolean.swift in Sources */,
				5B0E0F0529AE5FCE0066E0E5 /* FBBezierContour.swift in Sources */,
				5B0E0F0F29AE5FCE0066E0E5 /* FBBezierIntersection.swift in Sources */,
			);
			runOnlyForDeploymentPostprocessing = 0;
		};
		5B0E0ED929AE5FB40066E0E5 /* Sources */ = {
			isa = PBXSourcesBuildPhase;
			buildActionMask = 2147483647;
			files = (
				5B0E0EE329AE5FB40066E0E5 /* VectorBooleanTests.m in Sources */,
			);
			runOnlyForDeploymentPostprocessing = 0;
		};
/* End PBXSourcesBuildPhase section */

/* Begin PBXTargetDependency section */
		5B0E0EE029AE5FB40066E0E5 /* PBXTargetDependency */ = {
			isa = PBXTargetDependency;
			target = 5B0E0ED229AE5FB40066E0E5 /* VectorBoolean */;
			targetProxy = 5B0E0EDF29AE5FB40066E0E5 /* PBXContainerItemProxy */;
		};
/* End PBXTargetDependency section */

/* Begin XCBuildConfiguration section */
		5B0E0EE529AE5FB40066E0E5 /* Debug */ = {
			isa = XCBuildConfiguration;
			buildSettings = {
				ALWAYS_SEARCH_USER_PATHS = NO;
				CLANG_ANALYZER_NONNULL = YES;
				CLANG_ANALYZER_NUMBER_OBJECT_CONVERSION = YES_AGGRESSIVE;
				CLANG_CXX_LANGUAGE_STANDARD = "gnu++20";
				CLANG_ENABLE_MODULES = YES;
				CLANG_ENABLE_OBJC_ARC = YES;
				CLANG_ENABLE_OBJC_WEAK = YES;
				CLANG_WARN_BLOCK_CAPTURE_AUTORELEASING = YES;
				CLANG_WARN_BOOL_CONVERSION = YES;
				CLANG_WARN_COMMA = YES;
				CLANG_WARN_CONSTANT_CONVERSION = YES;
				CLANG_WARN_DEPRECATED_OBJC_IMPLEMENTATIONS = YES;
				CLANG_WARN_DIRECT_OBJC_ISA_USAGE = YES_ERROR;
				CLANG_WARN_DOCUMENTATION_COMMENTS = YES;
				CLANG_WARN_EMPTY_BODY = YES;
				CLANG_WARN_ENUM_CONVERSION = YES;
				CLANG_WARN_INFINITE_RECURSION = YES;
				CLANG_WARN_INT_CONVERSION = YES;
				CLANG_WARN_NON_LITERAL_NULL_CONVERSION = YES;
				CLANG_WARN_OBJC_IMPLICIT_RETAIN_SELF = YES;
				CLANG_WARN_OBJC_LITERAL_CONVERSION = YES;
				CLANG_WARN_OBJC_ROOT_CLASS = YES_ERROR;
				CLANG_WARN_QUOTED_INCLUDE_IN_FRAMEWORK_HEADER = YES;
				CLANG_WARN_RANGE_LOOP_ANALYSIS = YES;
				CLANG_WARN_STRICT_PROTOTYPES = YES;
				CLANG_WARN_SUSPICIOUS_MOVE = YES;
				CLANG_WARN_UNGUARDED_AVAILABILITY = YES_AGGRESSIVE;
				CLANG_WARN_UNREACHABLE_CODE = YES;
				CLANG_WARN__DUPLICATE_METHOD_MATCH = YES;
				COPY_PHASE_STRIP = NO;
				CURRENT_PROJECT_VERSION = 1;
				DEBUG_INFORMATION_FORMAT = dwarf;
				ENABLE_STRICT_OBJC_MSGSEND = YES;
				ENABLE_TESTABILITY = YES;
				GCC_C_LANGUAGE_STANDARD = gnu11;
				GCC_DYNAMIC_NO_PIC = NO;
				GCC_NO_COMMON_BLOCKS = YES;
				GCC_OPTIMIZATION_LEVEL = 0;
				GCC_PREPROCESSOR_DEFINITIONS = (
					"DEBUG=1",
					"$(inherited)",
				);
				GCC_WARN_64_TO_32_BIT_CONVERSION = YES;
				GCC_WARN_ABOUT_RETURN_TYPE = YES_ERROR;
				GCC_WARN_UNDECLARED_SELECTOR = YES;
				GCC_WARN_UNINITIALIZED_AUTOS = YES_AGGRESSIVE;
				GCC_WARN_UNUSED_FUNCTION = YES;
				GCC_WARN_UNUSED_VARIABLE = YES;
				IPHONEOS_DEPLOYMENT_TARGET = 16.2;
				MTL_ENABLE_DEBUG_INFO = INCLUDE_SOURCE;
				MTL_FAST_MATH = YES;
				ONLY_ACTIVE_ARCH = YES;
				SDKROOT = iphoneos;
				VERSIONING_SYSTEM = "apple-generic";
				VERSION_INFO_PREFIX = "";
			};
			name = Debug;
		};
		5B0E0EE629AE5FB40066E0E5 /* Release */ = {
			isa = XCBuildConfiguration;
			buildSettings = {
				ALWAYS_SEARCH_USER_PATHS = NO;
				CLANG_ANALYZER_NONNULL = YES;
				CLANG_ANALYZER_NUMBER_OBJECT_CONVERSION = YES_AGGRESSIVE;
				CLANG_CXX_LANGUAGE_STANDARD = "gnu++20";
				CLANG_ENABLE_MODULES = YES;
				CLANG_ENABLE_OBJC_ARC = YES;
				CLANG_ENABLE_OBJC_WEAK = YES;
				CLANG_WARN_BLOCK_CAPTURE_AUTORELEASING = YES;
				CLANG_WARN_BOOL_CONVERSION = YES;
				CLANG_WARN_COMMA = YES;
				CLANG_WARN_CONSTANT_CONVERSION = YES;
				CLANG_WARN_DEPRECATED_OBJC_IMPLEMENTATIONS = YES;
				CLANG_WARN_DIRECT_OBJC_ISA_USAGE = YES_ERROR;
				CLANG_WARN_DOCUMENTATION_COMMENTS = YES;
				CLANG_WARN_EMPTY_BODY = YES;
				CLANG_WARN_ENUM_CONVERSION = YES;
				CLANG_WARN_INFINITE_RECURSION = YES;
				CLANG_WARN_INT_CONVERSION = YES;
				CLANG_WARN_NON_LITERAL_NULL_CONVERSION = YES;
				CLANG_WARN_OBJC_IMPLICIT_RETAIN_SELF = YES;
				CLANG_WARN_OBJC_LITERAL_CONVERSION = YES;
				CLANG_WARN_OBJC_ROOT_CLASS = YES_ERROR;
				CLANG_WARN_QUOTED_INCLUDE_IN_FRAMEWORK_HEADER = YES;
				CLANG_WARN_RANGE_LOOP_ANALYSIS = YES;
				CLANG_WARN_STRICT_PROTOTYPES = YES;
				CLANG_WARN_SUSPICIOUS_MOVE = YES;
				CLANG_WARN_UNGUARDED_AVAILABILITY = YES_AGGRESSIVE;
				CLANG_WARN_UNREACHABLE_CODE = YES;
				CLANG_WARN__DUPLICATE_METHOD_MATCH = YES;
				COPY_PHASE_STRIP = NO;
				CURRENT_PROJECT_VERSION = 1;
				DEBUG_INFORMATION_FORMAT = "dwarf-with-dsym";
				ENABLE_NS_ASSERTIONS = NO;
				ENABLE_STRICT_OBJC_MSGSEND = YES;
				GCC_C_LANGUAGE_STANDARD = gnu11;
				GCC_NO_COMMON_BLOCKS = YES;
				GCC_WARN_64_TO_32_BIT_CONVERSION = YES;
				GCC_WARN_ABOUT_RETURN_TYPE = YES_ERROR;
				GCC_WARN_UNDECLARED_SELECTOR = YES;
				GCC_WARN_UNINITIALIZED_AUTOS = YES_AGGRESSIVE;
				GCC_WARN_UNUSED_FUNCTION = YES;
				GCC_WARN_UNUSED_VARIABLE = YES;
				IPHONEOS_DEPLOYMENT_TARGET = 16.2;
				MTL_ENABLE_DEBUG_INFO = NO;
				MTL_FAST_MATH = YES;
				SDKROOT = iphoneos;
				VALIDATE_PRODUCT = YES;
				VERSIONING_SYSTEM = "apple-generic";
				VERSION_INFO_PREFIX = "";
			};
			name = Release;
		};
		5B0E0EE829AE5FB40066E0E5 /* Debug */ = {
			isa = XCBuildConfiguration;
			buildSettings = {
				CODE_SIGN_STYLE = Automatic;
				CURRENT_PROJECT_VERSION = 1;
				DEFINES_MODULE = YES;
				DEVELOPMENT_TEAM = 575KE96Z2T;
				DYLIB_COMPATIBILITY_VERSION = 1;
				DYLIB_CURRENT_VERSION = 1;
				DYLIB_INSTALL_NAME_BASE = "@rpath";
				GENERATE_INFOPLIST_FILE = YES;
				INFOPLIST_KEY_NSHumanReadableCopyright = "";
				INSTALL_PATH = "$(LOCAL_LIBRARY_DIR)/Frameworks";
				IPHONEOS_DEPLOYMENT_TARGET = 12.0;
				LD_RUNPATH_SEARCH_PATHS = (
					"$(inherited)",
					"@executable_path/Frameworks",
					"@loader_path/Frameworks",
				);
				MARKETING_VERSION = 1.0;
				PRODUCT_BUNDLE_IDENTIFIER = com.zabolotiny.VectorBoolean;
				PRODUCT_NAME = "$(TARGET_NAME:c99extidentifier)";
				SKIP_INSTALL = YES;
				SWIFT_EMIT_LOC_STRINGS = YES;
				SWIFT_VERSION = 4.2;
				TARGETED_DEVICE_FAMILY = "1,2";
			};
			name = Debug;
		};
		5B0E0EE929AE5FB40066E0E5 /* Release */ = {
			isa = XCBuildConfiguration;
			buildSettings = {
				CODE_SIGN_STYLE = Automatic;
				CURRENT_PROJECT_VERSION = 1;
				DEFINES_MODULE = YES;
				DEVELOPMENT_TEAM = 575KE96Z2T;
				DYLIB_COMPATIBILITY_VERSION = 1;
				DYLIB_CURRENT_VERSION = 1;
				DYLIB_INSTALL_NAME_BASE = "@rpath";
				GENERATE_INFOPLIST_FILE = YES;
				INFOPLIST_KEY_NSHumanReadableCopyright = "";
				INSTALL_PATH = "$(LOCAL_LIBRARY_DIR)/Frameworks";
				IPHONEOS_DEPLOYMENT_TARGET = 12.0;
				LD_RUNPATH_SEARCH_PATHS = (
					"$(inherited)",
					"@executable_path/Frameworks",
					"@loader_path/Frameworks",
				);
				MARKETING_VERSION = 1.0;
				PRODUCT_BUNDLE_IDENTIFIER = com.zabolotiny.VectorBoolean;
				PRODUCT_NAME = "$(TARGET_NAME:c99extidentifier)";
				SKIP_INSTALL = YES;
				SWIFT_EMIT_LOC_STRINGS = YES;
				SWIFT_VERSION = 4.2;
				TARGETED_DEVICE_FAMILY = "1,2";
			};
			name = Release;
		};
		5B0E0EEB29AE5FB40066E0E5 /* Debug */ = {
			isa = XCBuildConfiguration;
			buildSettings = {
				ALWAYS_EMBED_SWIFT_STANDARD_LIBRARIES = YES;
				CODE_SIGN_STYLE = Automatic;
				CURRENT_PROJECT_VERSION = 1;
				DEVELOPMENT_TEAM = 575KE96Z2T;
				GENERATE_INFOPLIST_FILE = YES;
				MARKETING_VERSION = 1.0;
				PRODUCT_BUNDLE_IDENTIFIER = com.zabolotiny.VectorBooleanTests;
				PRODUCT_NAME = "$(TARGET_NAME)";
				SWIFT_EMIT_LOC_STRINGS = NO;
				TARGETED_DEVICE_FAMILY = "1,2";
			};
			name = Debug;
		};
		5B0E0EEC29AE5FB40066E0E5 /* Release */ = {
			isa = XCBuildConfiguration;
			buildSettings = {
				ALWAYS_EMBED_SWIFT_STANDARD_LIBRARIES = YES;
				CODE_SIGN_STYLE = Automatic;
				CURRENT_PROJECT_VERSION = 1;
				DEVELOPMENT_TEAM = 575KE96Z2T;
				GENERATE_INFOPLIST_FILE = YES;
				MARKETING_VERSION = 1.0;
				PRODUCT_BUNDLE_IDENTIFIER = com.zabolotiny.VectorBooleanTests;
				PRODUCT_NAME = "$(TARGET_NAME)";
				SWIFT_EMIT_LOC_STRINGS = NO;
				TARGETED_DEVICE_FAMILY = "1,2";
			};
			name = Release;
		};
/* End XCBuildConfiguration section */

/* Begin XCConfigurationList section */
		5B0E0ECD29AE5FB40066E0E5 /* Build configuration list for PBXProject "VectorBoolean" */ = {
			isa = XCConfigurationList;
			buildConfigurations = (
				5B0E0EE529AE5FB40066E0E5 /* Debug */,
				5B0E0EE629AE5FB40066E0E5 /* Release */,
			);
			defaultConfigurationIsVisible = 0;
			defaultConfigurationName = Release;
		};
		5B0E0EE729AE5FB40066E0E5 /* Build configuration list for PBXNativeTarget "VectorBoolean" */ = {
			isa = XCConfigurationList;
			buildConfigurations = (
				5B0E0EE829AE5FB40066E0E5 /* Debug */,
				5B0E0EE929AE5FB40066E0E5 /* Release */,
			);
			defaultConfigurationIsVisible = 0;
			defaultConfigurationName = Release;
		};
		5B0E0EEA29AE5FB40066E0E5 /* Build configuration list for PBXNativeTarget "VectorBooleanTests" */ = {
			isa = XCConfigurationList;
			buildConfigurations = (
				5B0E0EEB29AE5FB40066E0E5 /* Debug */,
				5B0E0EEC29AE5FB40066E0E5 /* Release */,
			);
			defaultConfigurationIsVisible = 0;
			defaultConfigurationName = Release;
		};
/* End XCConfigurationList section */
	};
	rootObject = 5B0E0ECA29AE5FB40066E0E5 /* Project object */;
}
